
Microsoft Visual Studio Solution File, Format Version 12.00
# Visual Studio Version 17
VisualStudioVersion = 17.11.35222.181
MinimumVisualStudioVersion = 10.0.40219.1
Project("{FAE04EC0-301F-11D3-BF4B-00C04F79EFBC}") = "Tarea6", "Tarea6\Tarea6.csproj", "{ADBD757C-6341-48D8-B726-C12E1402AE7B}"
EndProject
Global
	GlobalSection(SolutionConfigurationPlatforms) = preSolution
		Debug|Any CPU = Debug|Any CPU
		Release|Any CPU = Release|Any CPU
	EndGlobalSection
	GlobalSection(ProjectConfigurationPlatforms) = postSolution
		{ADBD757C-6341-48D8-B726-C12E1402AE7B}.Debug|Any CPU.ActiveCfg = Debug|Any CPU
		{ADBD757C-6341-48D8-B726-C12E1402AE7B}.Debug|Any CPU.Build.0 = Debug|Any CPU
		{ADBD757C-6341-48D8-B726-C12E1402AE7B}.Release|Any CPU.ActiveCfg = Release|Any CPU
		{ADBD757C-6341-48D8-B726-C12E1402AE7B}.Release|Any CPU.Build.0 = Release|Any CPU
	EndGlobalSection
	GlobalSection(SolutionProperties) = preSolution
		HideSolutionNode = FALSE
	EndGlobalSection
	GlobalSection(ExtensibilityGlobals) = postSolution
		SolutionGuid = {1F5DA378-F969-4362-8A9A-40B861902630}
	EndGlobalSection
EndGlobal
