
Microsoft Visual Studio Solution File, Format Version 12.00
# Visual Studio Version 17
VisualStudioVersion = 17.11.35222.181
MinimumVisualStudioVersion = 10.0.40219.1
Project("{FAE04EC0-301F-11D3-BF4B-00C04F79EFBC}") = "Recursividad2", "Recursividad2\Recursividad2.csproj", "{D359E331-7CB0-49C8-9E42-22A5244E38FA}"
EndProject
Global
	GlobalSection(SolutionConfigurationPlatforms) = preSolution
		Debug|Any CPU = Debug|Any CPU
		Release|Any CPU = Release|Any CPU
	EndGlobalSection
	GlobalSection(ProjectConfigurationPlatforms) = postSolution
		{D359E331-7CB0-49C8-9E42-22A5244E38FA}.Debug|Any CPU.ActiveCfg = Debug|Any CPU
		{D359E331-7CB0-49C8-9E42-22A5244E38FA}.Debug|Any CPU.Build.0 = Debug|Any CPU
		{D359E331-7CB0-49C8-9E42-22A5244E38FA}.Release|Any CPU.ActiveCfg = Release|Any CPU
		{D359E331-7CB0-49C8-9E42-22A5244E38FA}.Release|Any CPU.Build.0 = Release|Any CPU
	EndGlobalSection
	GlobalSection(SolutionProperties) = preSolution
		HideSolutionNode = FALSE
	EndGlobalSection
	GlobalSection(ExtensibilityGlobals) = postSolution
		SolutionGuid = {86C1BB46-1B51-4190-BD63-C2D99FE84299}
	EndGlobalSection
EndGlobal
